// !$*UTF8*$!
{
	archiveVersion = 1;
	classes = {
	};
	objectVersion = 46;
	objects = {

/* Begin PBXBuildFile section */
		1A5CAEE61A679EB300AC922A /* AppDelegate.swift in Sources */ = {isa = PBXBuildFile; fileRef = 1A5CAEE51A679EB300AC922A /* AppDelegate.swift */; };
		1A5CAEE81A679EB300AC922A /* ViewController.swift in Sources */ = {isa = PBXBuildFile; fileRef = 1A5CAEE71A679EB300AC922A /* ViewController.swift */; };
		1A5CAEEB1A679EB300AC922A /* Main.storyboard in Resources */ = {isa = PBXBuildFile; fileRef = 1A5CAEE91A679EB300AC922A /* Main.storyboard */; };
		1A5CAEED1A679EB300AC922A /* Images.xcassets in Resources */ = {isa = PBXBuildFile; fileRef = 1A5CAEEC1A679EB300AC922A /* Images.xcassets */; };
		1A5CAEF01A679EB300AC922A /* LaunchScreen.xib in Resources */ = {isa = PBXBuildFile; fileRef = 1A5CAEEE1A679EB300AC922A /* LaunchScreen.xib */; };
		1A5CAEFC1A679EB300AC922A /* TippitTests.swift in Sources */ = {isa = PBXBuildFile; fileRef = 1A5CAEFB1A679EB300AC922A /* TippitTests.swift */; };
		1A5CAF061A67B24300AC922A /* SettingsViewController.swift in Sources */ = {isa = PBXBuildFile; fileRef = 1A5CAF051A67B24300AC922A /* SettingsViewController.swift */; };
/* End PBXBuildFile section */

/* Begin PBXContainerItemProxy section */
		1A5CAEF61A679EB300AC922A /* PBXContainerItemProxy */ = {
			isa = PBXContainerItemProxy;
			containerPortal = 1A5CAED81A679EB300AC922A /* Project object */;
			proxyType = 1;
			remoteGlobalIDString = 1A5CAEDF1A679EB300AC922A;
			remoteInfo = Tippit;
		};
/* End PBXContainerItemProxy section */

/* Begin PBXFileReference section */
		1A5CAEE01A679EB300AC922A /* Tippit.app */ = {isa = PBXFileReference; explicitFileType = wrapper.application; includeInIndex = 0; path = Tippit.app; sourceTree = BUILT_PRODUCTS_DIR; };
		1A5CAEE41A679EB300AC922A /* Info.plist */ = {isa = PBXFileReference; lastKnownFileType = text.plist.xml; path = Info.plist; sourceTree = "<group>"; };
		1A5CAEE51A679EB300AC922A /* AppDelegate.swift */ = {isa = PBXFileReference; lastKnownFileType = sourcecode.swift; path = AppDelegate.swift; sourceTree = "<group>"; };
		1A5CAEE71A679EB300AC922A /* ViewController.swift */ = {isa = PBXFileReference; lastKnownFileType = sourcecode.swift; path = ViewController.swift; sourceTree = "<group>"; };
		1A5CAEEA1A679EB300AC922A /* Base */ = {isa = PBXFileReference; lastKnownFileType = file.storyboard; name = Base; path = Base.lproj/Main.storyboard; sourceTree = "<group>"; };
		1A5CAEEC1A679EB300AC922A /* Images.xcassets */ = {isa = PBXFileReference; lastKnownFileType = folder.assetcatalog; path = Images.xcassets; sourceTree = "<group>"; };
		1A5CAEEF1A679EB300AC922A /* Base */ = {isa = PBXFileReference; lastKnownFileType = file.xib; name = Base; path = Base.lproj/LaunchScreen.xib; sourceTree = "<group>"; };
		1A5CAEF51A679EB300AC922A /* TippitTests.xctest */ = {isa = PBXFileReference; explicitFileType = wrapper.cfbundle; includeInIndex = 0; path = TippitTests.xctest; sourceTree = BUILT_PRODUCTS_DIR; };
		1A5CAEFA1A679EB300AC922A /* Info.plist */ = {isa = PBXFileReference; lastKnownFileType = text.plist.xml; path = Info.plist; sourceTree = "<group>"; };
		1A5CAEFB1A679EB300AC922A /* TippitTests.swift */ = {isa = PBXFileReference; lastKnownFileType = sourcecode.swift; path = TippitTests.swift; sourceTree = "<group>"; };
		1A5CAF051A67B24300AC922A /* SettingsViewController.swift */ = {isa = PBXFileReference; fileEncoding = 4; lastKnownFileType = sourcecode.swift; path = SettingsViewController.swift; sourceTree = "<group>"; };
/* End PBXFileReference section */

/* Begin PBXFrameworksBuildPhase section */
		1A5CAEDD1A679EB300AC922A /* Frameworks */ = {
			isa = PBXFrameworksBuildPhase;
			buildActionMask = 2147483647;
			files = (
			);
			runOnlyForDeploymentPostprocessing = 0;
		};
		1A5CAEF21A679EB300AC922A /* Frameworks */ = {
			isa = PBXFrameworksBuildPhase;
			buildActionMask = 2147483647;
			files = (
			);
			runOnlyForDeploymentPostprocessing = 0;
		};
/* End PBXFrameworksBuildPhase section */

/* Begin PBXGroup section */
		1A5CAED71A679EB300AC922A = {
			isa = PBXGroup;
			children = (
				1A5CAEE21A679EB300AC922A /* Tippit */,
				1A5CAEF81A679EB300AC922A /* TippitTests */,
				1A5CAEE11A679EB300AC922A /* Products */,
			);
			sourceTree = "<group>";
		};
		1A5CAEE11A679EB300AC922A /* Products */ = {
			isa = PBXGroup;
			children = (
				1A5CAEE01A679EB300AC922A /* Tippit.app */,
				1A5CAEF51A679EB300AC922A /* TippitTests.xctest */,
			);
			name = Products;
			sourceTree = "<group>";
		};
		1A5CAEE21A679EB300AC922A /* Tippit */ = {
			isa = PBXGroup;
			children = (
				1A5CAEE51A679EB300AC922A /* AppDelegate.swift */,
				1A5CAEE71A679EB300AC922A /* ViewController.swift */,
				1A5CAEE91A679EB300AC922A /* Main.storyboard */,
				1A5CAEEC1A679EB300AC922A /* Images.xcassets */,
				1A5CAEEE1A679EB300AC922A /* LaunchScreen.xib */,
				1A5CAEE31A679EB300AC922A /* Supporting Files */,
				1A5CAF051A67B24300AC922A /* SettingsViewController.swift */,
			);
			path = Tippit;
			sourceTree = "<group>";
		};
		1A5CAEE31A679EB300AC922A /* Supporting Files */ = {
			isa = PBXGroup;
			children = (
				1A5CAEE41A679EB300AC922A /* Info.plist */,
			);
			name = "Supporting Files";
			sourceTree = "<group>";
		};
		1A5CAEF81A679EB300AC922A /* TippitTests */ = {
			isa = PBXGroup;
			children = (
				1A5CAEFB1A679EB300AC922A /* TippitTests.swift */,
				1A5CAEF91A679EB300AC922A /* Supporting Files */,
			);
			path = TippitTests;
			sourceTree = "<group>";
		};
		1A5CAEF91A679EB300AC922A /* Supporting Files */ = {
			isa = PBXGroup;
			children = (
				1A5CAEFA1A679EB300AC922A /* Info.plist */,
			);
			name = "Supporting Files";
			sourceTree = "<group>";
		};
/* End PBXGroup section */

/* Begin PBXNativeTarget section */
		1A5CAEDF1A679EB300AC922A /* Tippit */ = {
			isa = PBXNativeTarget;
			buildConfigurationList = 1A5CAEFF1A679EB300AC922A /* Build configuration list for PBXNativeTarget "Tippit" */;
			buildPhases = (
				1A5CAEDC1A679EB300AC922A /* Sources */,
				1A5CAEDD1A679EB300AC922A /* Frameworks */,
				1A5CAEDE1A679EB300AC922A /* Resources */,
			);
			buildRules = (
			);
			dependencies = (
			);
			name = Tippit;
			productName = Tippit;
			productReference = 1A5CAEE01A679EB300AC922A /* Tippit.app */;
			productType = "com.apple.product-type.application";
		};
		1A5CAEF41A679EB300AC922A /* TippitTests */ = {
			isa = PBXNativeTarget;
			buildConfigurationList = 1A5CAF021A679EB300AC922A /* Build configuration list for PBXNativeTarget "TippitTests" */;
			buildPhases = (
				1A5CAEF11A679EB300AC922A /* Sources */,
				1A5CAEF21A679EB300AC922A /* Frameworks */,
				1A5CAEF31A679EB300AC922A /* Resources */,
			);
			buildRules = (
			);
			dependencies = (
				1A5CAEF71A679EB300AC922A /* PBXTargetDependency */,
			);
			name = TippitTests;
			productName = TippitTests;
			productReference = 1A5CAEF51A679EB300AC922A /* TippitTests.xctest */;
			productType = "com.apple.product-type.bundle.unit-test";
		};
/* End PBXNativeTarget section */

/* Begin PBXProject section */
		1A5CAED81A679EB300AC922A /* Project object */ = {
			isa = PBXProject;
			attributes = {
				LastUpgradeCheck = 0610;
				ORGANIZATIONNAME = "Jianfeng Ye";
				TargetAttributes = {
					1A5CAEDF1A679EB300AC922A = {
						CreatedOnToolsVersion = 6.1.1;
						DevelopmentTeam = SG5T85EJC7;
					};
					1A5CAEF41A679EB300AC922A = {
						CreatedOnToolsVersion = 6.1.1;
						DevelopmentTeam = SG5T85EJC7;
						TestTargetID = 1A5CAEDF1A679EB300AC922A;
					};
				};
			};
			buildConfigurationList = 1A5CAEDB1A679EB300AC922A /* Build configuration list for PBXProject "Tippit" */;
			compatibilityVersion = "Xcode 3.2";
			developmentRegion = English;
			hasScannedForEncodings = 0;
			knownRegions = (
				en,
				Base,
			);
			mainGroup = 1A5CAED71A679EB300AC922A;
			productRefGroup = 1A5CAEE11A679EB300AC922A /* Products */;
			projectDirPath = "";
			projectRoot = "";
			targets = (
				1A5CAEDF1A679EB300AC922A /* Tippit */,
				1A5CAEF41A679EB300AC922A /* TippitTests */,
			);
		};
/* End PBXProject section */

/* Begin PBXResourcesBuildPhase section */
		1A5CAEDE1A679EB300AC922A /* Resources */ = {
			isa = PBXResourcesBuildPhase;
			buildActionMask = 2147483647;
			files = (
				1A5CAEEB1A679EB300AC922A /* Main.storyboard in Resources */,
				1A5CAEF01A679EB300AC922A /* LaunchScreen.xib in Resources */,
				1A5CAEED1A679EB300AC922A /* Images.xcassets in Resources */,
			);
			runOnlyForDeploymentPostprocessing = 0;
		};
		1A5CAEF31A679EB300AC922A /* Resources */ = {
			isa = PBXResourcesBuildPhase;
			buildActionMask = 2147483647;
			files = (
			);
			runOnlyForDeploymentPostprocessing = 0;
		};
/* End PBXResourcesBuildPhase section */

/* Begin PBXSourcesBuildPhase section */
		1A5CAEDC1A679EB300AC922A /* Sources */ = {
			isa = PBXSourcesBuildPhase;
			buildActionMask = 2147483647;
			files = (
				1A5CAEE81A679EB300AC922A /* ViewController.swift in Sources */,
				1A5CAEE61A679EB300AC922A /* AppDelegate.swift in Sources */,
				1A5CAF061A67B24300AC922A /* SettingsViewController.swift in Sources */,
			);
			runOnlyForDeploymentPostprocessing = 0;
		};
		1A5CAEF11A679EB300AC922A /* Sources */ = {
			isa = PBXSourcesBuildPhase;
			buildActionMask = 2147483647;
			files = (
				1A5CAEFC1A679EB300AC922A /* TippitTests.swift in Sources */,
			);
			runOnlyForDeploymentPostprocessing = 0;
		};
/* End PBXSourcesBuildPhase section */

/* Begin PBXTargetDependency section */
		1A5CAEF71A679EB300AC922A /* PBXTargetDependency */ = {
			isa = PBXTargetDependency;
			target = 1A5CAEDF1A679EB300AC922A /* Tippit */;
			targetProxy = 1A5CAEF61A679EB300AC922A /* PBXContainerItemProxy */;
		};
/* End PBXTargetDependency section */

/* Begin PBXVariantGroup section */
		1A5CAEE91A679EB300AC922A /* Main.storyboard */ = {
			isa = PBXVariantGroup;
			children = (
				1A5CAEEA1A679EB300AC922A /* Base */,
			);
			name = Main.storyboard;
			sourceTree = "<group>";
		};
		1A5CAEEE1A679EB300AC922A /* LaunchScreen.xib */ = {
			isa = PBXVariantGroup;
			children = (
				1A5CAEEF1A679EB300AC922A /* Base */,
			);
			name = LaunchScreen.xib;
			sourceTree = "<group>";
		};
/* End PBXVariantGroup section */

/* Begin XCBuildConfiguration section */
		1A5CAEFD1A679EB300AC922A /* Debug */ = {
			isa = XCBuildConfiguration;
			buildSettings = {
				ALWAYS_SEARCH_USER_PATHS = NO;
				CLANG_CXX_LANGUAGE_STANDARD = "gnu++0x";
				CLANG_CXX_LIBRARY = "libc++";
				CLANG_ENABLE_MODULES = YES;
				CLANG_ENABLE_OBJC_ARC = YES;
				CLANG_WARN_BOOL_CONVERSION = YES;
				CLANG_WARN_CONSTANT_CONVERSION = YES;
				CLANG_WARN_DIRECT_OBJC_ISA_USAGE = YES_ERROR;
				CLANG_WARN_EMPTY_BODY = YES;
				CLANG_WARN_ENUM_CONVERSION = YES;
				CLANG_WARN_INT_CONVERSION = YES;
				CLANG_WARN_OBJC_ROOT_CLASS = YES_ERROR;
				CLANG_WARN_UNREACHABLE_CODE = YES;
				CLANG_WARN__DUPLICATE_METHOD_MATCH = YES;
				"CODE_SIGN_IDENTITY[sdk=iphoneos*]" = "iPhone Developer";
				COPY_PHASE_STRIP = NO;
				ENABLE_STRICT_OBJC_MSGSEND = YES;
				GCC_C_LANGUAGE_STANDARD = gnu99;
				GCC_DYNAMIC_NO_PIC = NO;
				GCC_OPTIMIZATION_LEVEL = 0;
				GCC_PREPROCESSOR_DEFINITIONS = (
					"DEBUG=1",
					"$(inherited)",
				);
				GCC_SYMBOLS_PRIVATE_EXTERN = NO;
				GCC_WARN_64_TO_32_BIT_CONVERSION = YES;
				GCC_WARN_ABOUT_RETURN_TYPE = YES_ERROR;
				GCC_WARN_UNDECLARED_SELECTOR = YES;
				GCC_WARN_UNINITIALIZED_AUTOS = YES_AGGRESSIVE;
				GCC_WARN_UNUSED_FUNCTION = YES;
				GCC_WARN_UNUSED_VARIABLE = YES;
				IPHONEOS_DEPLOYMENT_TARGET = 8.1;
				MTL_ENABLE_DEBUG_INFO = YES;
				ONLY_ACTIVE_ARCH = YES;
				SDKROOT = iphoneos;
				SWIFT_OPTIMIZATION_LEVEL = "-Onone";
			};
			name = Debug;
		};
		1A5CAEFE1A679EB300AC922A /* Release */ = {
			isa = XCBuildConfiguration;
			buildSettings = {
				ALWAYS_SEARCH_USER_PATHS = NO;
				CLANG_CXX_LANGUAGE_STANDARD = "gnu++0x";
				CLANG_CXX_LIBRARY = "libc++";
				CLANG_ENABLE_MODULES = YES;
				CLANG_ENABLE_OBJC_ARC = YES;
				CLANG_WARN_BOOL_CONVERSION = YES;
				CLANG_WARN_CONSTANT_CONVERSION = YES;
				CLANG_WARN_DIRECT_OBJC_ISA_USAGE = YES_ERROR;
				CLANG_WARN_EMPTY_BODY = YES;
				CLANG_WARN_ENUM_CONVERSION = YES;
				CLANG_WARN_INT_CONVERSION = YES;
				CLANG_WARN_OBJC_ROOT_CLASS = YES_ERROR;
				CLANG_WARN_UNREACHABLE_CODE = YES;
				CLANG_WARN__DUPLICATE_METHOD_MATCH = YES;
				"CODE_SIGN_IDENTITY[sdk=iphoneos*]" = "iPhone Developer";
				COPY_PHASE_STRIP = YES;
				ENABLE_NS_ASSERTIONS = NO;
				ENABLE_STRICT_OBJC_MSGSEND = YES;
				GCC_C_LANGUAGE_STANDARD = gnu99;
				GCC_WARN_64_TO_32_BIT_CONVERSION = YES;
				GCC_WARN_ABOUT_RETURN_TYPE = YES_ERROR;
				GCC_WARN_UNDECLARED_SELECTOR = YES;
				GCC_WARN_UNINITIALIZED_AUTOS = YES_AGGRESSIVE;
				GCC_WARN_UNUSED_FUNCTION = YES;
				GCC_WARN_UNUSED_VARIABLE = YES;
				IPHONEOS_DEPLOYMENT_TARGET = 8.1;
				MTL_ENABLE_DEBUG_INFO = NO;
				SDKROOT = iphoneos;
				VALIDATE_PRODUCT = YES;
			};
			name = Release;
		};
		1A5CAF001A679EB300AC922A /* Debug */ = {
			isa = XCBuildConfiguration;
			buildSettings = {
				ASSETCATALOG_COMPILER_APPICON_NAME = AppIcon;
				CODE_SIGN_IDENTITY = "iPhone Developer";
				"CODE_SIGN_IDENTITY[sdk=iphoneos*]" = "iPhone Developer";
				INFOPLIST_FILE = Tippit/Info.plist;
				LD_RUNPATH_SEARCH_PATHS = "$(inherited) @executable_path/Frameworks";
				PRODUCT_NAME = "$(TARGET_NAME)";
				PROVISIONING_PROFILE = "";
			};
			name = Debug;
		};
		1A5CAF011A679EB300AC922A /* Release */ = {
			isa = XCBuildConfiguration;
			buildSettings = {
				ASSETCATALOG_COMPILER_APPICON_NAME = AppIcon;
				CODE_SIGN_IDENTITY = "iPhone Developer";
				"CODE_SIGN_IDENTITY[sdk=iphoneos*]" = "iPhone Developer";
				INFOPLIST_FILE = Tippit/Info.plist;
				LD_RUNPATH_SEARCH_PATHS = "$(inherited) @executable_path/Frameworks";
				PRODUCT_NAME = "$(TARGET_NAME)";
				PROVISIONING_PROFILE = "";
			};
			name = Release;
		};
		1A5CAF031A679EB300AC922A /* Debug */ = {
			isa = XCBuildConfiguration;
			buildSettings = {
				BUNDLE_LOADER = "$(TEST_HOST)";
				FRAMEWORK_SEARCH_PATHS = (
					"$(SDKROOT)/Developer/Library/Frameworks",
					"$(inherited)",
				);
				GCC_PREPROCESSOR_DEFINITIONS = (
					"DEBUG=1",
					"$(inherited)",
				);
				INFOPLIST_FILE = TippitTests/Info.plist;
				LD_RUNPATH_SEARCH_PATHS = "$(inherited) @executable_path/Frameworks @loader_path/Frameworks";
				PRODUCT_NAME = "$(TARGET_NAME)";
				TEST_HOST = "$(BUILT_PRODUCTS_DIR)/Tippit.app/Tippit";
			};
			name = Debug;
		};
		1A5CAF041A679EB300AC922A /* Release */ = {
			isa = XCBuildConfiguration;
			buildSettings = {
				BUNDLE_LOADER = "$(TEST_HOST)";
				FRAMEWORK_SEARCH_PATHS = (
					"$(SDKROOT)/Developer/Library/Frameworks",
					"$(inherited)",
				);
				INFOPLIST_FILE = TippitTests/Info.plist;
				LD_RUNPATH_SEARCH_PATHS = "$(inherited) @executable_path/Frameworks @loader_path/Frameworks";
				PRODUCT_NAME = "$(TARGET_NAME)";
				TEST_HOST = "$(BUILT_PRODUCTS_DIR)/Tippit.app/Tippit";
			};
			name = Release;
		};
/* End XCBuildConfiguration section */

/* Begin XCConfigurationList section */
		1A5CAEDB1A679EB300AC922A /* Build configuration list for PBXProject "Tippit" */ = {
			isa = XCConfigurationList;
			buildConfigurations = (
				1A5CAEFD1A679EB300AC922A /* Debug */,
				1A5CAEFE1A679EB300AC922A /* Release */,
			);
			defaultConfigurationIsVisible = 0;
			defaultConfigurationName = Release;
		};
		1A5CAEFF1A679EB300AC922A /* Build configuration list for PBXNativeTarget "Tippit" */ = {
			isa = XCConfigurationList;
			buildConfigurations = (
				1A5CAF001A679EB300AC922A /* Debug */,
				1A5CAF011A679EB300AC922A /* Release */,
			);
			defaultConfigurationIsVisible = 0;
			defaultConfigurationName = Release;
		};
		1A5CAF021A679EB300AC922A /* Build configuration list for PBXNativeTarget "TippitTests" */ = {
			isa = XCConfigurationList;
			buildConfigurations = (
				1A5CAF031A679EB300AC922A /* Debug */,
				1A5CAF041A679EB300AC922A /* Release */,
			);
			defaultConfigurationIsVisible = 0;
			defaultConfigurationName = Release;
		};
/* End XCConfigurationList section */
	};
	rootObject = 1A5CAED81A679EB300AC922A /* Project object */;
}
